// !$*UTF8*$!
{
	archiveVersion = 1;
	classes = {
	};
	objectVersion = 46;
	objects = {

/* Begin PBXBuildFile section */
		25B391FC41BFCB35F4E3D9D9 /* Pods_GoBetSearch.framework in Frameworks */ = {isa = PBXBuildFile; fileRef = C71129FFF78325EFCDEA9D25 /* Pods_GoBetSearch.framework */; };
		4B1381B71F1E3FBD00D9A8CC /* Dates.swift in Sources */ = {isa = PBXBuildFile; fileRef = 4B1381B51F1E3FBD00D9A8CC /* Dates.swift */; };
		4B1381B81F1E3FBD00D9A8CC /* Models.swift in Sources */ = {isa = PBXBuildFile; fileRef = 4B1381B61F1E3FBD00D9A8CC /* Models.swift */; };
		4BAC5CDF1F1A29F600503652 /* AppDelegate.swift in Sources */ = {isa = PBXBuildFile; fileRef = 4BAC5CDE1F1A29F600503652 /* AppDelegate.swift */; };
		4BAC5CE11F1A29F600503652 /* ViewController.swift in Sources */ = {isa = PBXBuildFile; fileRef = 4BAC5CE01F1A29F600503652 /* ViewController.swift */; };
		4BAC5CE41F1A29F600503652 /* Main.storyboard in Resources */ = {isa = PBXBuildFile; fileRef = 4BAC5CE21F1A29F600503652 /* Main.storyboard */; };
		4BAC5CE71F1A29F600503652 /* GoBetSearch.xcdatamodeld in Sources */ = {isa = PBXBuildFile; fileRef = 4BAC5CE51F1A29F600503652 /* GoBetSearch.xcdatamodeld */; };
		4BAC5CE91F1A29F600503652 /* Assets.xcassets in Resources */ = {isa = PBXBuildFile; fileRef = 4BAC5CE81F1A29F600503652 /* Assets.xcassets */; };
		4BAC5CEC1F1A29F600503652 /* LaunchScreen.storyboard in Resources */ = {isa = PBXBuildFile; fileRef = 4BAC5CEA1F1A29F600503652 /* LaunchScreen.storyboard */; };
		4BAC5CF51F1A2C6700503652 /* DataHandler.swift in Sources */ = {isa = PBXBuildFile; fileRef = 4BAC5CF41F1A2C6700503652 /* DataHandler.swift */; };
		787A160E1F1B4B600067D16A /* CustomTabBar.swift in Sources */ = {isa = PBXBuildFile; fileRef = 787A160D1F1B4B600067D16A /* CustomTabBar.swift */; };
		787A16101F1B55E60067D16A /* Extensions.swift in Sources */ = {isa = PBXBuildFile; fileRef = 787A160F1F1B55E60067D16A /* Extensions.swift */; };
		787A16141F1B58050067D16A /* BaseCollectionCell.swift in Sources */ = {isa = PBXBuildFile; fileRef = 787A16131F1B58050067D16A /* BaseCollectionCell.swift */; };
		787A16161F1B58210067D16A /* BaseTableCell.swift in Sources */ = {isa = PBXBuildFile; fileRef = 787A16151F1B58210067D16A /* BaseTableCell.swift */; };
		787A161B1F1B5F9E0067D16A /* OfferCollectionViewCell.swift in Sources */ = {isa = PBXBuildFile; fileRef = 787A161A1F1B5F9E0067D16A /* OfferCollectionViewCell.swift */; };
		787A161D1F1B938E0067D16A /* HomeVC.swift in Sources */ = {isa = PBXBuildFile; fileRef = 787A161C1F1B938E0067D16A /* HomeVC.swift */; };
		787A161F1F1CB96A0067D16A /* GameCell.swift in Sources */ = {isa = PBXBuildFile; fileRef = 787A161E1F1CB96A0067D16A /* GameCell.swift */; };
		787A16211F1CCC080067D16A /* OfferHeaderCell.swift in Sources */ = {isa = PBXBuildFile; fileRef = 787A16201F1CCC080067D16A /* OfferHeaderCell.swift */; };
		787A16231F1CD0EB0067D16A /* GameHeaderCell.swift in Sources */ = {isa = PBXBuildFile; fileRef = 787A16221F1CD0EB0067D16A /* GameHeaderCell.swift */; };
		787A16251F1CD87D0067D16A /* OfferCell.swift in Sources */ = {isa = PBXBuildFile; fileRef = 787A16241F1CD87D0067D16A /* OfferCell.swift */; };
		787A16271F1CDE800067D16A /* GameCollectionViewCell.swift in Sources */ = {isa = PBXBuildFile; fileRef = 787A16261F1CDE800067D16A /* GameCollectionViewCell.swift */; };
		787A16291F1CE6B30067D16A /* TopEventCell.swift in Sources */ = {isa = PBXBuildFile; fileRef = 787A16281F1CE6B30067D16A /* TopEventCell.swift */; };
		787A162B1F1CE8090067D16A /* MyListCell.swift in Sources */ = {isa = PBXBuildFile; fileRef = 787A162A1F1CE8090067D16A /* MyListCell.swift */; };
		787A162D1F1CF92A0067D16A /* GameLobbyVC.swift in Sources */ = {isa = PBXBuildFile; fileRef = 787A162C1F1CF92A0067D16A /* GameLobbyVC.swift */; };
		787A16311F1D6E3D0067D16A /* LeaderBoardCollectionViewCell.swift in Sources */ = {isa = PBXBuildFile; fileRef = 787A16301F1D6E3D0067D16A /* LeaderBoardCollectionViewCell.swift */; };
		787A16331F1D6F210067D16A /* LeaderBoardCardCell.swift in Sources */ = {isa = PBXBuildFile; fileRef = 787A16321F1D6F210067D16A /* LeaderBoardCardCell.swift */; };
		787A16351F1D72030067D16A /* LeaderBoardHeaderCell.swift in Sources */ = {isa = PBXBuildFile; fileRef = 787A16341F1D72030067D16A /* LeaderBoardHeaderCell.swift */; };
		787A16371F1D79450067D16A /* AllGamesHeaderCell.swift in Sources */ = {isa = PBXBuildFile; fileRef = 787A16361F1D79450067D16A /* AllGamesHeaderCell.swift */; };
		787A16391F1D7B410067D16A /* AllGamesCollectionViewCell.swift in Sources */ = {isa = PBXBuildFile; fileRef = 787A16381F1D7B410067D16A /* AllGamesCollectionViewCell.swift */; };
		787A163B1F1E1F200067D16A /* LeaderBoardPlayerListCell.swift in Sources */ = {isa = PBXBuildFile; fileRef = 787A163A1F1E1F200067D16A /* LeaderBoardPlayerListCell.swift */; };
/* End PBXBuildFile section */

/* Begin PBXFileReference section */
		4B1381B51F1E3FBD00D9A8CC /* Dates.swift */ = {isa = PBXFileReference; fileEncoding = 4; lastKnownFileType = sourcecode.swift; path = Dates.swift; sourceTree = "<group>"; };
		4B1381B61F1E3FBD00D9A8CC /* Models.swift */ = {isa = PBXFileReference; fileEncoding = 4; lastKnownFileType = sourcecode.swift; path = Models.swift; sourceTree = "<group>"; };
		4BAC5CDB1F1A29F600503652 /* GoBetSearch.app */ = {isa = PBXFileReference; explicitFileType = wrapper.application; includeInIndex = 0; path = GoBetSearch.app; sourceTree = BUILT_PRODUCTS_DIR; };
		4BAC5CDE1F1A29F600503652 /* AppDelegate.swift */ = {isa = PBXFileReference; lastKnownFileType = sourcecode.swift; path = AppDelegate.swift; sourceTree = "<group>"; };
		4BAC5CE01F1A29F600503652 /* ViewController.swift */ = {isa = PBXFileReference; lastKnownFileType = sourcecode.swift; path = ViewController.swift; sourceTree = "<group>"; };
		4BAC5CE31F1A29F600503652 /* Base */ = {isa = PBXFileReference; lastKnownFileType = file.storyboard; name = Base; path = Base.lproj/Main.storyboard; sourceTree = "<group>"; };
		4BAC5CE61F1A29F600503652 /* GoBetSearch.xcdatamodel */ = {isa = PBXFileReference; lastKnownFileType = wrapper.xcdatamodel; path = GoBetSearch.xcdatamodel; sourceTree = "<group>"; };
		4BAC5CE81F1A29F600503652 /* Assets.xcassets */ = {isa = PBXFileReference; lastKnownFileType = folder.assetcatalog; path = Assets.xcassets; sourceTree = "<group>"; };
		4BAC5CEB1F1A29F600503652 /* Base */ = {isa = PBXFileReference; lastKnownFileType = file.storyboard; name = Base; path = Base.lproj/LaunchScreen.storyboard; sourceTree = "<group>"; };
		4BAC5CED1F1A29F600503652 /* Info.plist */ = {isa = PBXFileReference; lastKnownFileType = text.plist.xml; path = Info.plist; sourceTree = "<group>"; };
		4BAC5CF41F1A2C6700503652 /* DataHandler.swift */ = {isa = PBXFileReference; fileEncoding = 4; lastKnownFileType = sourcecode.swift; path = DataHandler.swift; sourceTree = "<group>"; };
		5B221B02AF085C442467C113 /* Pods-GoBetSearch.release.xcconfig */ = {isa = PBXFileReference; includeInIndex = 1; lastKnownFileType = text.xcconfig; name = "Pods-GoBetSearch.release.xcconfig"; path = "Pods/Target Support Files/Pods-GoBetSearch/Pods-GoBetSearch.release.xcconfig"; sourceTree = "<group>"; };
		787A160D1F1B4B600067D16A /* CustomTabBar.swift */ = {isa = PBXFileReference; fileEncoding = 4; lastKnownFileType = sourcecode.swift; path = CustomTabBar.swift; sourceTree = "<group>"; };
		787A160F1F1B55E60067D16A /* Extensions.swift */ = {isa = PBXFileReference; fileEncoding = 4; lastKnownFileType = sourcecode.swift; path = Extensions.swift; sourceTree = "<group>"; };
		787A16131F1B58050067D16A /* BaseCollectionCell.swift */ = {isa = PBXFileReference; fileEncoding = 4; lastKnownFileType = sourcecode.swift; path = BaseCollectionCell.swift; sourceTree = "<group>"; };
		787A16151F1B58210067D16A /* BaseTableCell.swift */ = {isa = PBXFileReference; fileEncoding = 4; lastKnownFileType = sourcecode.swift; path = BaseTableCell.swift; sourceTree = "<group>"; };
		787A161A1F1B5F9E0067D16A /* OfferCollectionViewCell.swift */ = {isa = PBXFileReference; fileEncoding = 4; lastKnownFileType = sourcecode.swift; path = OfferCollectionViewCell.swift; sourceTree = "<group>"; };
		787A161C1F1B938E0067D16A /* HomeVC.swift */ = {isa = PBXFileReference; fileEncoding = 4; lastKnownFileType = sourcecode.swift; path = HomeVC.swift; sourceTree = "<group>"; };
		787A161E1F1CB96A0067D16A /* GameCell.swift */ = {isa = PBXFileReference; fileEncoding = 4; lastKnownFileType = sourcecode.swift; path = GameCell.swift; sourceTree = "<group>"; };
		787A16201F1CCC080067D16A /* OfferHeaderCell.swift */ = {isa = PBXFileReference; fileEncoding = 4; lastKnownFileType = sourcecode.swift; path = OfferHeaderCell.swift; sourceTree = "<group>"; };
		787A16221F1CD0EB0067D16A /* GameHeaderCell.swift */ = {isa = PBXFileReference; fileEncoding = 4; lastKnownFileType = sourcecode.swift; path = GameHeaderCell.swift; sourceTree = "<group>"; };
		787A16241F1CD87D0067D16A /* OfferCell.swift */ = {isa = PBXFileReference; fileEncoding = 4; lastKnownFileType = sourcecode.swift; path = OfferCell.swift; sourceTree = "<group>"; };
		787A16261F1CDE800067D16A /* GameCollectionViewCell.swift */ = {isa = PBXFileReference; fileEncoding = 4; lastKnownFileType = sourcecode.swift; path = GameCollectionViewCell.swift; sourceTree = "<group>"; };
		787A16281F1CE6B30067D16A /* TopEventCell.swift */ = {isa = PBXFileReference; fileEncoding = 4; lastKnownFileType = sourcecode.swift; path = TopEventCell.swift; sourceTree = "<group>"; };
		787A162A1F1CE8090067D16A /* MyListCell.swift */ = {isa = PBXFileReference; fileEncoding = 4; lastKnownFileType = sourcecode.swift; path = MyListCell.swift; sourceTree = "<group>"; };
		787A162C1F1CF92A0067D16A /* GameLobbyVC.swift */ = {isa = PBXFileReference; fileEncoding = 4; lastKnownFileType = sourcecode.swift; path = GameLobbyVC.swift; sourceTree = "<group>"; };
		787A16301F1D6E3D0067D16A /* LeaderBoardCollectionViewCell.swift */ = {isa = PBXFileReference; fileEncoding = 4; lastKnownFileType = sourcecode.swift; path = LeaderBoardCollectionViewCell.swift; sourceTree = "<group>"; };
		787A16321F1D6F210067D16A /* LeaderBoardCardCell.swift */ = {isa = PBXFileReference; fileEncoding = 4; lastKnownFileType = sourcecode.swift; path = LeaderBoardCardCell.swift; sourceTree = "<group>"; };
		787A16341F1D72030067D16A /* LeaderBoardHeaderCell.swift */ = {isa = PBXFileReference; fileEncoding = 4; lastKnownFileType = sourcecode.swift; path = LeaderBoardHeaderCell.swift; sourceTree = "<group>"; };
		787A16361F1D79450067D16A /* AllGamesHeaderCell.swift */ = {isa = PBXFileReference; fileEncoding = 4; lastKnownFileType = sourcecode.swift; path = AllGamesHeaderCell.swift; sourceTree = "<group>"; };
		787A16381F1D7B410067D16A /* AllGamesCollectionViewCell.swift */ = {isa = PBXFileReference; fileEncoding = 4; lastKnownFileType = sourcecode.swift; path = AllGamesCollectionViewCell.swift; sourceTree = "<group>"; };
		787A163A1F1E1F200067D16A /* LeaderBoardPlayerListCell.swift */ = {isa = PBXFileReference; fileEncoding = 4; lastKnownFileType = sourcecode.swift; path = LeaderBoardPlayerListCell.swift; sourceTree = "<group>"; };
		9A3C1CC3699D6BDECA7EDF37 /* Pods-GoBetSearch.debug.xcconfig */ = {isa = PBXFileReference; includeInIndex = 1; lastKnownFileType = text.xcconfig; name = "Pods-GoBetSearch.debug.xcconfig"; path = "Pods/Target Support Files/Pods-GoBetSearch/Pods-GoBetSearch.debug.xcconfig"; sourceTree = "<group>"; };
		C71129FFF78325EFCDEA9D25 /* Pods_GoBetSearch.framework */ = {isa = PBXFileReference; explicitFileType = wrapper.framework; includeInIndex = 0; path = Pods_GoBetSearch.framework; sourceTree = BUILT_PRODUCTS_DIR; };
/* End PBXFileReference section */

/* Begin PBXFrameworksBuildPhase section */
		4BAC5CD81F1A29F600503652 /* Frameworks */ = {
			isa = PBXFrameworksBuildPhase;
			buildActionMask = 2147483647;
			files = (
				25B391FC41BFCB35F4E3D9D9 /* Pods_GoBetSearch.framework in Frameworks */,
			);
			runOnlyForDeploymentPostprocessing = 0;
		};
/* End PBXFrameworksBuildPhase section */

/* Begin PBXGroup section */
		4384C61F4E23080A3A736DC2 /* Pods */ = {
			isa = PBXGroup;
			children = (
				9A3C1CC3699D6BDECA7EDF37 /* Pods-GoBetSearch.debug.xcconfig */,
				5B221B02AF085C442467C113 /* Pods-GoBetSearch.release.xcconfig */,
			);
			name = Pods;
			sourceTree = "<group>";
		};
		4BAC5CD21F1A29F600503652 = {
			isa = PBXGroup;
			children = (
				4BAC5CDD1F1A29F600503652 /* GoBetSearch */,
				4BAC5CDC1F1A29F600503652 /* Products */,
				4384C61F4E23080A3A736DC2 /* Pods */,
				BC75F72B0FF209D90767AA85 /* Frameworks */,
			);
			sourceTree = "<group>";
		};
		4BAC5CDC1F1A29F600503652 /* Products */ = {
			isa = PBXGroup;
			children = (
				4BAC5CDB1F1A29F600503652 /* GoBetSearch.app */,
			);
			name = Products;
			sourceTree = "<group>";
		};
		4BAC5CDD1F1A29F600503652 /* GoBetSearch */ = {
			isa = PBXGroup;
			children = (
				4BAC5CF31F1A2C4C00503652 /* Helpers */,
				787A16111F1B57E40067D16A /* Cells */,
				4BAC5CDE1F1A29F600503652 /* AppDelegate.swift */,
				787A160D1F1B4B600067D16A /* CustomTabBar.swift */,
				787A161C1F1B938E0067D16A /* HomeVC.swift */,
				787A162C1F1CF92A0067D16A /* GameLobbyVC.swift */,
				4BAC5CE21F1A29F600503652 /* Main.storyboard */,
				4BAC5CE01F1A29F600503652 /* ViewController.swift */,
				4BAC5CE81F1A29F600503652 /* Assets.xcassets */,
				4BAC5CEA1F1A29F600503652 /* LaunchScreen.storyboard */,
				4BAC5CED1F1A29F600503652 /* Info.plist */,
				4BAC5CE51F1A29F600503652 /* GoBetSearch.xcdatamodeld */,
			);
			path = GoBetSearch;
			sourceTree = "<group>";
		};
		4BAC5CF31F1A2C4C00503652 /* Helpers */ = {
			isa = PBXGroup;
			children = (
				4B1381B51F1E3FBD00D9A8CC /* Dates.swift */,
				4B1381B61F1E3FBD00D9A8CC /* Models.swift */,
				4BAC5CF41F1A2C6700503652 /* DataHandler.swift */,
				787A160F1F1B55E60067D16A /* Extensions.swift */,
			);
			name = Helpers;
			sourceTree = "<group>";
		};
		787A16111F1B57E40067D16A /* Cells */ = {
			isa = PBXGroup;
			children = (
				787A16121F1B57F60067D16A /* Base */,
				787A16171F1B582E0067D16A /* HomeCells */,
				787A162E1F1D6DDD0067D16A /* GameCells */,
				787A162F1F1D6E030067D16A /* LeaderBoardCells */,
			);
			name = Cells;
			sourceTree = "<group>";
		};
		787A16121F1B57F60067D16A /* Base */ = {
			isa = PBXGroup;
			children = (
				787A16131F1B58050067D16A /* BaseCollectionCell.swift */,
				787A16151F1B58210067D16A /* BaseTableCell.swift */,
			);
			name = Base;
			sourceTree = "<group>";
		};
		787A16171F1B582E0067D16A /* HomeCells */ = {
			isa = PBXGroup;
			children = (
				787A16281F1CE6B30067D16A /* TopEventCell.swift */,
				787A162A1F1CE8090067D16A /* MyListCell.swift */,
				787A16201F1CCC080067D16A /* OfferHeaderCell.swift */,
				787A161A1F1B5F9E0067D16A /* OfferCollectionViewCell.swift */,
				787A16241F1CD87D0067D16A /* OfferCell.swift */,
			);
			name = HomeCells;
			sourceTree = "<group>";
		};
		787A162E1F1D6DDD0067D16A /* GameCells */ = {
			isa = PBXGroup;
			children = (
				787A16221F1CD0EB0067D16A /* GameHeaderCell.swift */,
				787A16261F1CDE800067D16A /* GameCollectionViewCell.swift */,
				787A161E1F1CB96A0067D16A /* GameCell.swift */,
				787A16361F1D79450067D16A /* AllGamesHeaderCell.swift */,
				787A16381F1D7B410067D16A /* AllGamesCollectionViewCell.swift */,
			);
			name = GameCells;
			sourceTree = "<group>";
		};
		787A162F1F1D6E030067D16A /* LeaderBoardCells */ = {
			isa = PBXGroup;
			children = (
				787A16341F1D72030067D16A /* LeaderBoardHeaderCell.swift */,
				787A16301F1D6E3D0067D16A /* LeaderBoardCollectionViewCell.swift */,
				787A16321F1D6F210067D16A /* LeaderBoardCardCell.swift */,
				787A163A1F1E1F200067D16A /* LeaderBoardPlayerListCell.swift */,
			);
			name = LeaderBoardCells;
			sourceTree = "<group>";
		};
		BC75F72B0FF209D90767AA85 /* Frameworks */ = {
			isa = PBXGroup;
			children = (
				C71129FFF78325EFCDEA9D25 /* Pods_GoBetSearch.framework */,
			);
			name = Frameworks;
			sourceTree = "<group>";
		};
/* End PBXGroup section */

/* Begin PBXNativeTarget section */
		4BAC5CDA1F1A29F600503652 /* GoBetSearch */ = {
			isa = PBXNativeTarget;
			buildConfigurationList = 4BAC5CF01F1A29F600503652 /* Build configuration list for PBXNativeTarget "GoBetSearch" */;
			buildPhases = (
				13AF42F7E233572B10B98612 /* [CP] Check Pods Manifest.lock */,
				4BAC5CD71F1A29F600503652 /* Sources */,
				4BAC5CD81F1A29F600503652 /* Frameworks */,
				4BAC5CD91F1A29F600503652 /* Resources */,
				F72AAAC01163065384CD2B9A /* [CP] Embed Pods Frameworks */,
				97CF6EC59B9EA789DAD429C6 /* [CP] Copy Pods Resources */,
			);
			buildRules = (
			);
			dependencies = (
			);
			name = GoBetSearch;
			productName = GoBetSearch;
			productReference = 4BAC5CDB1F1A29F600503652 /* GoBetSearch.app */;
			productType = "com.apple.product-type.application";
		};
/* End PBXNativeTarget section */

/* Begin PBXProject section */
		4BAC5CD31F1A29F600503652 /* Project object */ = {
			isa = PBXProject;
			attributes = {
				LastSwiftUpdateCheck = 0830;
				LastUpgradeCheck = 0830;
				ORGANIZATIONNAME = "Patrik Adolfsson";
				TargetAttributes = {
					4BAC5CDA1F1A29F600503652 = {
						CreatedOnToolsVersion = 8.3.3;
						DevelopmentTeam = 68Y57ZGKLJ;
						ProvisioningStyle = Automatic;
					};
				};
			};
			buildConfigurationList = 4BAC5CD61F1A29F600503652 /* Build configuration list for PBXProject "GoBetSearch" */;
			compatibilityVersion = "Xcode 3.2";
			developmentRegion = English;
			hasScannedForEncodings = 0;
			knownRegions = (
				en,
				Base,
			);
			mainGroup = 4BAC5CD21F1A29F600503652;
			productRefGroup = 4BAC5CDC1F1A29F600503652 /* Products */;
			projectDirPath = "";
			projectRoot = "";
			targets = (
				4BAC5CDA1F1A29F600503652 /* GoBetSearch */,
			);
		};
/* End PBXProject section */

/* Begin PBXResourcesBuildPhase section */
		4BAC5CD91F1A29F600503652 /* Resources */ = {
			isa = PBXResourcesBuildPhase;
			buildActionMask = 2147483647;
			files = (
				4BAC5CEC1F1A29F600503652 /* LaunchScreen.storyboard in Resources */,
				4BAC5CE91F1A29F600503652 /* Assets.xcassets in Resources */,
				4BAC5CE41F1A29F600503652 /* Main.storyboard in Resources */,
			);
			runOnlyForDeploymentPostprocessing = 0;
		};
/* End PBXResourcesBuildPhase section */

/* Begin PBXShellScriptBuildPhase section */
		13AF42F7E233572B10B98612 /* [CP] Check Pods Manifest.lock */ = {
			isa = PBXShellScriptBuildPhase;
			buildActionMask = 2147483647;
			files = (
			);
			inputPaths = (
			);
			name = "[CP] Check Pods Manifest.lock";
			outputPaths = (
			);
			runOnlyForDeploymentPostprocessing = 0;
			shellPath = /bin/sh;
			shellScript = "diff \"${PODS_ROOT}/../Podfile.lock\" \"${PODS_ROOT}/Manifest.lock\" > /dev/null\nif [ $? != 0 ] ; then\n    # print error to STDERR\n    echo \"error: The sandbox is not in sync with the Podfile.lock. Run 'pod install' or update your CocoaPods installation.\" >&2\n    exit 1\nfi\n";
			showEnvVarsInLog = 0;
		};
		97CF6EC59B9EA789DAD429C6 /* [CP] Copy Pods Resources */ = {
			isa = PBXShellScriptBuildPhase;
			buildActionMask = 2147483647;
			files = (
			);
			inputPaths = (
			);
			name = "[CP] Copy Pods Resources";
			outputPaths = (
			);
			runOnlyForDeploymentPostprocessing = 0;
			shellPath = /bin/sh;
			shellScript = "\"${SRCROOT}/Pods/Target Support Files/Pods-GoBetSearch/Pods-GoBetSearch-resources.sh\"\n";
			showEnvVarsInLog = 0;
		};
		F72AAAC01163065384CD2B9A /* [CP] Embed Pods Frameworks */ = {
			isa = PBXShellScriptBuildPhase;
			buildActionMask = 2147483647;
			files = (
			);
			inputPaths = (
			);
			name = "[CP] Embed Pods Frameworks";
			outputPaths = (
			);
			runOnlyForDeploymentPostprocessing = 0;
			shellPath = /bin/sh;
			shellScript = "\"${SRCROOT}/Pods/Target Support Files/Pods-GoBetSearch/Pods-GoBetSearch-frameworks.sh\"\n";
			showEnvVarsInLog = 0;
		};
/* End PBXShellScriptBuildPhase section */

/* Begin PBXSourcesBuildPhase section */
		4BAC5CD71F1A29F600503652 /* Sources */ = {
			isa = PBXSourcesBuildPhase;
			buildActionMask = 2147483647;
			files = (
				787A163B1F1E1F200067D16A /* LeaderBoardPlayerListCell.swift in Sources */,
				4B1381B81F1E3FBD00D9A8CC /* Models.swift in Sources */,
				787A16231F1CD0EB0067D16A /* GameHeaderCell.swift in Sources */,
				787A162D1F1CF92A0067D16A /* GameLobbyVC.swift in Sources */,
				4BAC5CF51F1A2C6700503652 /* DataHandler.swift in Sources */,
				787A161B1F1B5F9E0067D16A /* OfferCollectionViewCell.swift in Sources */,
				787A161F1F1CB96A0067D16A /* GameCell.swift in Sources */,
				4B1381B71F1E3FBD00D9A8CC /* Dates.swift in Sources */,
				787A16161F1B58210067D16A /* BaseTableCell.swift in Sources */,
				787A16141F1B58050067D16A /* BaseCollectionCell.swift in Sources */,
				4BAC5CE11F1A29F600503652 /* ViewController.swift in Sources */,
				787A16271F1CDE800067D16A /* GameCollectionViewCell.swift in Sources */,
				787A162B1F1CE8090067D16A /* MyListCell.swift in Sources */,
				787A16311F1D6E3D0067D16A /* LeaderBoardCollectionViewCell.swift in Sources */,
				4BAC5CE71F1A29F600503652 /* GoBetSearch.xcdatamodeld in Sources */,
				787A16391F1D7B410067D16A /* AllGamesCollectionViewCell.swift in Sources */,
				787A160E1F1B4B600067D16A /* CustomTabBar.swift in Sources */,
				4BAC5CDF1F1A29F600503652 /* AppDelegate.swift in Sources */,
				787A16351F1D72030067D16A /* LeaderBoardHeaderCell.swift in Sources */,
				787A161D1F1B938E0067D16A /* HomeVC.swift in Sources */,
				787A16371F1D79450067D16A /* AllGamesHeaderCell.swift in Sources */,
				787A16251F1CD87D0067D16A /* OfferCell.swift in Sources */,
				787A16211F1CCC080067D16A /* OfferHeaderCell.swift in Sources */,
				787A16101F1B55E60067D16A /* Extensions.swift in Sources */,
				787A16291F1CE6B30067D16A /* TopEventCell.swift in Sources */,
				787A16331F1D6F210067D16A /* LeaderBoardCardCell.swift in Sources */,
			);
			runOnlyForDeploymentPostprocessing = 0;
		};
/* End PBXSourcesBuildPhase section */

/* Begin PBXVariantGroup section */
		4BAC5CE21F1A29F600503652 /* Main.storyboard */ = {
			isa = PBXVariantGroup;
			children = (
				4BAC5CE31F1A29F600503652 /* Base */,
			);
			name = Main.storyboard;
			sourceTree = "<group>";
		};
		4BAC5CEA1F1A29F600503652 /* LaunchScreen.storyboard */ = {
			isa = PBXVariantGroup;
			children = (
				4BAC5CEB1F1A29F600503652 /* Base */,
			);
			name = LaunchScreen.storyboard;
			sourceTree = "<group>";
		};
/* End PBXVariantGroup section */

/* Begin XCBuildConfiguration section */
		4BAC5CEE1F1A29F600503652 /* Debug */ = {
			isa = XCBuildConfiguration;
			buildSettings = {
				ALWAYS_SEARCH_USER_PATHS = NO;
				CLANG_ANALYZER_NONNULL = YES;
				CLANG_ANALYZER_NUMBER_OBJECT_CONVERSION = YES_AGGRESSIVE;
				CLANG_CXX_LANGUAGE_STANDARD = "gnu++0x";
				CLANG_CXX_LIBRARY = "libc++";
				CLANG_ENABLE_MODULES = YES;
				CLANG_ENABLE_OBJC_ARC = YES;
				CLANG_WARN_BOOL_CONVERSION = YES;
				CLANG_WARN_CONSTANT_CONVERSION = YES;
				CLANG_WARN_DIRECT_OBJC_ISA_USAGE = YES_ERROR;
				CLANG_WARN_DOCUMENTATION_COMMENTS = YES;
				CLANG_WARN_EMPTY_BODY = YES;
				CLANG_WARN_ENUM_CONVERSION = YES;
				CLANG_WARN_INFINITE_RECURSION = YES;
				CLANG_WARN_INT_CONVERSION = YES;
				CLANG_WARN_OBJC_ROOT_CLASS = YES_ERROR;
				CLANG_WARN_SUSPICIOUS_MOVE = YES;
				CLANG_WARN_UNREACHABLE_CODE = YES;
				CLANG_WARN__DUPLICATE_METHOD_MATCH = YES;
				"CODE_SIGN_IDENTITY[sdk=iphoneos*]" = "iPhone Developer";
				COPY_PHASE_STRIP = NO;
				DEBUG_INFORMATION_FORMAT = dwarf;
				ENABLE_STRICT_OBJC_MSGSEND = YES;
				ENABLE_TESTABILITY = YES;
				GCC_C_LANGUAGE_STANDARD = gnu99;
				GCC_DYNAMIC_NO_PIC = NO;
				GCC_NO_COMMON_BLOCKS = YES;
				GCC_OPTIMIZATION_LEVEL = 0;
				GCC_PREPROCESSOR_DEFINITIONS = (
					"DEBUG=1",
					"$(inherited)",
				);
				GCC_WARN_64_TO_32_BIT_CONVERSION = YES;
				GCC_WARN_ABOUT_RETURN_TYPE = YES_ERROR;
				GCC_WARN_UNDECLARED_SELECTOR = YES;
				GCC_WARN_UNINITIALIZED_AUTOS = YES_AGGRESSIVE;
				GCC_WARN_UNUSED_FUNCTION = YES;
				GCC_WARN_UNUSED_VARIABLE = YES;
				IPHONEOS_DEPLOYMENT_TARGET = 10.3;
				MTL_ENABLE_DEBUG_INFO = YES;
				ONLY_ACTIVE_ARCH = YES;
				SDKROOT = iphoneos;
				SWIFT_ACTIVE_COMPILATION_CONDITIONS = DEBUG;
				SWIFT_OPTIMIZATION_LEVEL = "-Onone";
			};
			name = Debug;
		};
		4BAC5CEF1F1A29F600503652 /* Release */ = {
			isa = XCBuildConfiguration;
			buildSettings = {
				ALWAYS_SEARCH_USER_PATHS = NO;
				CLANG_ANALYZER_NONNULL = YES;
				CLANG_ANALYZER_NUMBER_OBJECT_CONVERSION = YES_AGGRESSIVE;
				CLANG_CXX_LANGUAGE_STANDARD = "gnu++0x";
				CLANG_CXX_LIBRARY = "libc++";
				CLANG_ENABLE_MODULES = YES;
				CLANG_ENABLE_OBJC_ARC = YES;
				CLANG_WARN_BOOL_CONVERSION = YES;
				CLANG_WARN_CONSTANT_CONVERSION = YES;
				CLANG_WARN_DIRECT_OBJC_ISA_USAGE = YES_ERROR;
				CLANG_WARN_DOCUMENTATION_COMMENTS = YES;
				CLANG_WARN_EMPTY_BODY = YES;
				CLANG_WARN_ENUM_CONVERSION = YES;
				CLANG_WARN_INFINITE_RECURSION = YES;
				CLANG_WARN_INT_CONVERSION = YES;
				CLANG_WARN_OBJC_ROOT_CLASS = YES_ERROR;
				CLANG_WARN_SUSPICIOUS_MOVE = YES;
				CLANG_WARN_UNREACHABLE_CODE = YES;
				CLANG_WARN__DUPLICATE_METHOD_MATCH = YES;
				"CODE_SIGN_IDENTITY[sdk=iphoneos*]" = "iPhone Developer";
				COPY_PHASE_STRIP = NO;
				DEBUG_INFORMATION_FORMAT = "dwarf-with-dsym";
				ENABLE_NS_ASSERTIONS = NO;
				ENABLE_STRICT_OBJC_MSGSEND = YES;
				GCC_C_LANGUAGE_STANDARD = gnu99;
				GCC_NO_COMMON_BLOCKS = YES;
				GCC_WARN_64_TO_32_BIT_CONVERSION = YES;
				GCC_WARN_ABOUT_RETURN_TYPE = YES_ERROR;
				GCC_WARN_UNDECLARED_SELECTOR = YES;
				GCC_WARN_UNINITIALIZED_AUTOS = YES_AGGRESSIVE;
				GCC_WARN_UNUSED_FUNCTION = YES;
				GCC_WARN_UNUSED_VARIABLE = YES;
				IPHONEOS_DEPLOYMENT_TARGET = 10.3;
				MTL_ENABLE_DEBUG_INFO = NO;
				SDKROOT = iphoneos;
				SWIFT_OPTIMIZATION_LEVEL = "-Owholemodule";
				VALIDATE_PRODUCT = YES;
			};
			name = Release;
		};
		4BAC5CF11F1A29F600503652 /* Debug */ = {
			isa = XCBuildConfiguration;
			baseConfigurationReference = 9A3C1CC3699D6BDECA7EDF37 /* Pods-GoBetSearch.debug.xcconfig */;
			buildSettings = {
				ASSETCATALOG_COMPILER_APPICON_NAME = AppIcon;
				DEVELOPMENT_TEAM = 68Y57ZGKLJ;
				INFOPLIST_FILE = GoBetSearch/Info.plist;
				LD_RUNPATH_SEARCH_PATHS = "$(inherited) @executable_path/Frameworks";
				PRODUCT_BUNDLE_IDENTIFIER = ninja.mooi.GoBetSearch;
				PRODUCT_NAME = "$(TARGET_NAME)";
				SWIFT_VERSION = 3.0;
			};
			name = Debug;
		};
		4BAC5CF21F1A29F600503652 /* Release */ = {
			isa = XCBuildConfiguration;
			baseConfigurationReference = 5B221B02AF085C442467C113 /* Pods-GoBetSearch.release.xcconfig */;
			buildSettings = {
				ASSETCATALOG_COMPILER_APPICON_NAME = AppIcon;
				DEVELOPMENT_TEAM = 68Y57ZGKLJ;
				INFOPLIST_FILE = GoBetSearch/Info.plist;
				LD_RUNPATH_SEARCH_PATHS = "$(inherited) @executable_path/Frameworks";
				PRODUCT_BUNDLE_IDENTIFIER = ninja.mooi.GoBetSearch;
				PRODUCT_NAME = "$(TARGET_NAME)";
				SWIFT_VERSION = 3.0;
			};
			name = Release;
		};
/* End XCBuildConfiguration section */

/* Begin XCConfigurationList section */
		4BAC5CD61F1A29F600503652 /* Build configuration list for PBXProject "GoBetSearch" */ = {
			isa = XCConfigurationList;
			buildConfigurations = (
				4BAC5CEE1F1A29F600503652 /* Debug */,
				4BAC5CEF1F1A29F600503652 /* Release */,
			);
			defaultConfigurationIsVisible = 0;
			defaultConfigurationName = Release;
		};
		4BAC5CF01F1A29F600503652 /* Build configuration list for PBXNativeTarget "GoBetSearch" */ = {
			isa = XCConfigurationList;
			buildConfigurations = (
				4BAC5CF11F1A29F600503652 /* Debug */,
				4BAC5CF21F1A29F600503652 /* Release */,
			);
			defaultConfigurationIsVisible = 0;
			defaultConfigurationName = Release;
		};
/* End XCConfigurationList section */

/* Begin XCVersionGroup section */
		4BAC5CE51F1A29F600503652 /* GoBetSearch.xcdatamodeld */ = {
			isa = XCVersionGroup;
			children = (
				4BAC5CE61F1A29F600503652 /* GoBetSearch.xcdatamodel */,
			);
			currentVersion = 4BAC5CE61F1A29F600503652 /* GoBetSearch.xcdatamodel */;
			path = GoBetSearch.xcdatamodeld;
			sourceTree = "<group>";
			versionGroupType = wrapper.xcdatamodel;
		};
/* End XCVersionGroup section */
	};
	rootObject = 4BAC5CD31F1A29F600503652 /* Project object */;
}
